{
  "name": "jordan-scrapes-fsu-bookstore",
  "version": "1.0.0",
  "lockfileVersion": 1,
  "requires": true,
  "dependencies": {
    "@types/axios": {
      "version": "0.14.0",
      "resolved": "https://lenovosoftware.jfrog.io/lenovosoftware/api/npm/npmjs-virtual/@types/axios/-/axios-0.14.0.tgz",
      "integrity": "sha1-7CMA++fX3d1+udOr+HmZlkyvzkY=",
      "dev": true,
      "requires": {
        "axios": "*"
      }
    },
    "@types/dotenv": {
      "version": "8.2.0",
      "resolved": "https://lenovosoftware.jfrog.io/lenovosoftware/api/npm/npmjs-virtual/@types/dotenv/-/dotenv-8.2.0.tgz",
      "integrity": "sha1-XNZHEMPJjoLZ0VhEN1ozvxtF0FM=",
      "dev": true,
      "requires": {
        "dotenv": "*"
      }
    },
    "@types/json2csv": {
      "version": "5.0.1",
      "resolved": "https://lenovosoftware.jfrog.io/lenovosoftware/api/npm/npmjs-virtual/@types/json2csv/-/json2csv-5.0.1.tgz",
      "integrity": "sha1-V204UV3+3qv0brheeQiUuN9yq0A=",
      "dev": true,
      "requires": {
        "@types/node": "*"
      }
    },
    "@types/node": {
      "version": "14.11.2",
      "resolved": "https://lenovosoftware.jfrog.io/lenovosoftware/api/npm/npmjs-virtual/@types/node/-/node-14.11.2.tgz",
      "integrity": "sha1-LeHtZnBDk4faHJ9UmireKwp5klY=",
      "dev": true
    },
    "agent-base": {
      "version": "6.0.1",
      "resolved": "https://lenovosoftware.jfrog.io/lenovosoftware/api/npm/npmjs-virtual/agent-base/-/agent-base-6.0.1.tgz",
      "integrity": "sha1-gIAH5OWGfeywq2qy+Sj721pZbbQ=",
      "requires": {
        "debug": "4"
      }
    },
    "axios": {
      "version": "0.20.0",
      "resolved": "https://lenovosoftware.jfrog.io/lenovosoftware/api/npm/npmjs-virtual/axios/-/axios-0.20.0.tgz",
      "integrity": "sha1-BXujDwSIRpSZOozQf6OUz/EcUL0=",
      "requires": {
        "follow-redirects": "^1.10.0"
      }
    },
    "commander": {
      "version": "6.1.0",
      "resolved": "https://lenovosoftware.jfrog.io/lenovosoftware/api/npm/npmjs-virtual/commander/-/commander-6.1.0.tgz",
      "integrity": "sha1-+Ncit4EDFBAGtm9Me6HpcxW6dbw="
    },
    "debug": {
      "version": "4.2.0",
      "resolved": "https://lenovosoftware.jfrog.io/lenovosoftware/api/npm/npmjs-virtual/debug/-/debug-4.2.0.tgz",
      "integrity": "sha1-fxUPk5IOlMWPVXTC/QGjEQ7/5/E=",
      "requires": {
        "ms": "2.1.2"
      }
    },
    "dotenv": {
      "version": "8.2.0",
      "resolved": "https://lenovosoftware.jfrog.io/lenovosoftware/api/npm/npmjs-virtual/dotenv/-/dotenv-8.2.0.tgz",
      "integrity": "sha1-l+YZJZradQ7qPk6j4mvO6lQksWo="
    },
    "follow-redirects": {
      "version": "1.13.0",
      "resolved": "https://lenovosoftware.jfrog.io/lenovosoftware/api/npm/npmjs-virtual/follow-redirects/-/follow-redirects-1.13.0.tgz",
      "integrity": "sha1-tC6Nk6Kn7qXtiGM2dtZZe8jjhNs="
    },
    "https-proxy-agent": {
      "version": "5.0.0",
      "resolved": "https://lenovosoftware.jfrog.io/lenovosoftware/api/npm/npmjs-virtual/https-proxy-agent/-/https-proxy-agent-5.0.0.tgz",
      "integrity": "sha1-4qkFQqu2inYuCghQ9sntrf2FBrI=",
      "requires": {
        "agent-base": "6",
        "debug": "4"
      }
    },
    "json2csv": {
      "version": "5.0.3",
      "resolved": "https://lenovosoftware.jfrog.io/lenovosoftware/api/npm/npmjs-virtual/json2csv/-/json2csv-5.0.3.tgz",
      "integrity": "sha1-eoGaTIik6fdpdFIA3tyX6rk6S74=",
      "requires": {
        "commander": "^6.1.0",
        "jsonparse": "^1.3.1",
        "lodash.get": "^4.4.2"
      }
    },
    "jsonparse": {
      "version": "1.3.1",
      "resolved": "https://lenovosoftware.jfrog.io/lenovosoftware/api/npm/npmjs-virtual/jsonparse/-/jsonparse-1.3.1.tgz",
      "integrity": "sha1-P02uSpH6wxX3EGL4UhzCOfE2YoA="
    },
    "lodash.get": {
      "version": "4.4.2",
      "resolved": "https://lenovosoftware.jfrog.io/lenovosoftware/api/npm/npmjs-virtual/lodash.get/-/lodash.get-4.4.2.tgz",
      "integrity": "sha1-LRd/ZS+jHpObRDjVNBSZ36OCXpk="
    },
    "ms": {
      "version": "2.1.2",
      "resolved": "https://lenovosoftware.jfrog.io/lenovosoftware/api/npm/npmjs-virtual/ms/-/ms-2.1.2.tgz",
      "integrity": "sha1-0J0fNXtEP0kzgqjrPM0YOHKuYAk="
    },
    "typescript": {
      "version": "4.0.3",
      "resolved": "https://lenovosoftware.jfrog.io/lenovosoftware/api/npm/npmjs-virtual/typescript/-/typescript-4.0.3.tgz",
      "integrity": "sha1-FTu9Ro7wdyXB35x36LRT+NNqu6U=",
      "dev": true
    }
  }
}
